// !$*UTF8*$!
{
	archiveVersion = 1;
	classes = {
	};
	objectVersion = 46;
	objects = {

/* Begin PBXBuildFile section */
		12D900CD1D26B6F30062D4BE /* AppDelegate.swift in Sources */ = {isa = PBXBuildFile; fileRef = 12D900CC1D26B6F30062D4BE /* AppDelegate.swift */; };
		12D900CF1D26B6F30062D4BE /* ViewController.swift in Sources */ = {isa = PBXBuildFile; fileRef = 12D900CE1D26B6F30062D4BE /* ViewController.swift */; };
		12D900D21D26B6F30062D4BE /* Main.storyboard in Resources */ = {isa = PBXBuildFile; fileRef = 12D900D01D26B6F30062D4BE /* Main.storyboard */; };
		12D900D41D26B6F30062D4BE /* Assets.xcassets in Resources */ = {isa = PBXBuildFile; fileRef = 12D900D31D26B6F30062D4BE /* Assets.xcassets */; };
		12D900D71D26B6F30062D4BE /* LaunchScreen.storyboard in Resources */ = {isa = PBXBuildFile; fileRef = 12D900D51D26B6F30062D4BE /* LaunchScreen.storyboard */; };
		12D900E21D26B6F30062D4BE /* WeatherFunTests.swift in Sources */ = {isa = PBXBuildFile; fileRef = 12D900E11D26B6F30062D4BE /* WeatherFunTests.swift */; };
		12D900ED1D26B6F30062D4BE /* WeatherFunUITests.swift in Sources */ = {isa = PBXBuildFile; fileRef = 12D900EC1D26B6F30062D4BE /* WeatherFunUITests.swift */; };
/* End PBXBuildFile section */

/* Begin PBXContainerItemProxy section */
		12D900DE1D26B6F30062D4BE /* PBXContainerItemProxy */ = {
			isa = PBXContainerItemProxy;
			containerPortal = 12D900C11D26B6F30062D4BE /* Project object */;
			proxyType = 1;
			remoteGlobalIDString = 12D900C81D26B6F30062D4BE;
			remoteInfo = WeatherFun;
		};
		12D900E91D26B6F30062D4BE /* PBXContainerItemProxy */ = {
			isa = PBXContainerItemProxy;
			containerPortal = 12D900C11D26B6F30062D4BE /* Project object */;
			proxyType = 1;
			remoteGlobalIDString = 12D900C81D26B6F30062D4BE;
			remoteInfo = WeatherFun;
		};
/* End PBXContainerItemProxy section */

/* Begin PBXFileReference section */
		12D900C91D26B6F30062D4BE /* WeatherFun.app */ = {isa = PBXFileReference; explicitFileType = wrapper.application; includeInIndex = 0; path = WeatherFun.app; sourceTree = BUILT_PRODUCTS_DIR; };
		12D900CC1D26B6F30062D4BE /* AppDelegate.swift */ = {isa = PBXFileReference; lastKnownFileType = sourcecode.swift; path = AppDelegate.swift; sourceTree = "<group>"; };
		12D900CE1D26B6F30062D4BE /* ViewController.swift */ = {isa = PBXFileReference; lastKnownFileType = sourcecode.swift; path = ViewController.swift; sourceTree = "<group>"; };
		12D900D11D26B6F30062D4BE /* Base */ = {isa = PBXFileReference; lastKnownFileType = file.storyboard; name = Base; path = Base.lproj/Main.storyboard; sourceTree = "<group>"; };
		12D900D31D26B6F30062D4BE /* Assets.xcassets */ = {isa = PBXFileReference; lastKnownFileType = folder.assetcatalog; path = Assets.xcassets; sourceTree = "<group>"; };
		12D900D61D26B6F30062D4BE /* Base */ = {isa = PBXFileReference; lastKnownFileType = file.storyboard; name = Base; path = Base.lproj/LaunchScreen.storyboard; sourceTree = "<group>"; };
		12D900D81D26B6F30062D4BE /* Info.plist */ = {isa = PBXFileReference; lastKnownFileType = text.plist.xml; path = Info.plist; sourceTree = "<group>"; };
		12D900DD1D26B6F30062D4BE /* WeatherFunTests.xctest */ = {isa = PBXFileReference; explicitFileType = wrapper.cfbundle; includeInIndex = 0; path = WeatherFunTests.xctest; sourceTree = BUILT_PRODUCTS_DIR; };
		12D900E11D26B6F30062D4BE /* WeatherFunTests.swift */ = {isa = PBXFileReference; lastKnownFileType = sourcecode.swift; path = WeatherFunTests.swift; sourceTree = "<group>"; };
		12D900E31D26B6F30062D4BE /* Info.plist */ = {isa = PBXFileReference; lastKnownFileType = text.plist.xml; path = Info.plist; sourceTree = "<group>"; };
		12D900E81D26B6F30062D4BE /* WeatherFunUITests.xctest */ = {isa = PBXFileReference; explicitFileType = wrapper.cfbundle; includeInIndex = 0; path = WeatherFunUITests.xctest; sourceTree = BUILT_PRODUCTS_DIR; };
		12D900EC1D26B6F30062D4BE /* WeatherFunUITests.swift */ = {isa = PBXFileReference; lastKnownFileType = sourcecode.swift; path = WeatherFunUITests.swift; sourceTree = "<group>"; };
		12D900EE1D26B6F30062D4BE /* Info.plist */ = {isa = PBXFileReference; lastKnownFileType = text.plist.xml; path = Info.plist; sourceTree = "<group>"; };
/* End PBXFileReference section */

/* Begin PBXFrameworksBuildPhase section */
		12D900C61D26B6F30062D4BE /* Frameworks */ = {
			isa = PBXFrameworksBuildPhase;
			buildActionMask = 2147483647;
			files = (
			);
			runOnlyForDeploymentPostprocessing = 0;
		};
		12D900DA1D26B6F30062D4BE /* Frameworks */ = {
			isa = PBXFrameworksBuildPhase;
			buildActionMask = 2147483647;
			files = (
			);
			runOnlyForDeploymentPostprocessing = 0;
		};
		12D900E51D26B6F30062D4BE /* Frameworks */ = {
			isa = PBXFrameworksBuildPhase;
			buildActionMask = 2147483647;
			files = (
			);
			runOnlyForDeploymentPostprocessing = 0;
		};
/* End PBXFrameworksBuildPhase section */

/* Begin PBXGroup section */
		12D900C01D26B6F30062D4BE = {
			isa = PBXGroup;
			children = (
				12D900CB1D26B6F30062D4BE /* WeatherFun */,
				12D900E01D26B6F30062D4BE /* WeatherFunTests */,
				12D900EB1D26B6F30062D4BE /* WeatherFunUITests */,
				12D900CA1D26B6F30062D4BE /* Products */,
			);
			sourceTree = "<group>";
		};
		12D900CA1D26B6F30062D4BE /* Products */ = {
			isa = PBXGroup;
			children = (
				12D900C91D26B6F30062D4BE /* WeatherFun.app */,
				12D900DD1D26B6F30062D4BE /* WeatherFunTests.xctest */,
				12D900E81D26B6F30062D4BE /* WeatherFunUITests.xctest */,
			);
			name = Products;
			sourceTree = "<group>";
		};
		12D900CB1D26B6F30062D4BE /* WeatherFun */ = {
			isa = PBXGroup;
			children = (
				12D900CC1D26B6F30062D4BE /* AppDelegate.swift */,
				12D900CE1D26B6F30062D4BE /* ViewController.swift */,
				12D900D01D26B6F30062D4BE /* Main.storyboard */,
				12D900D31D26B6F30062D4BE /* Assets.xcassets */,
				12D900D51D26B6F30062D4BE /* LaunchScreen.storyboard */,
				12D900D81D26B6F30062D4BE /* Info.plist */,
			);
			path = WeatherFun;
			sourceTree = "<group>";
		};
		12D900E01D26B6F30062D4BE /* WeatherFunTests */ = {
			isa = PBXGroup;
			children = (
				12D900E11D26B6F30062D4BE /* WeatherFunTests.swift */,
				12D900E31D26B6F30062D4BE /* Info.plist */,
			);
			path = WeatherFunTests;
			sourceTree = "<group>";
		};
		12D900EB1D26B6F30062D4BE /* WeatherFunUITests */ = {
			isa = PBXGroup;
			children = (
				12D900EC1D26B6F30062D4BE /* WeatherFunUITests.swift */,
				12D900EE1D26B6F30062D4BE /* Info.plist */,
			);
			path = WeatherFunUITests;
			sourceTree = "<group>";
		};
/* End PBXGroup section */

/* Begin PBXNativeTarget section */
		12D900C81D26B6F30062D4BE /* WeatherFun */ = {
			isa = PBXNativeTarget;
			buildConfigurationList = 12D900F11D26B6F30062D4BE /* Build configuration list for PBXNativeTarget "WeatherFun" */;
			buildPhases = (
				12D900C51D26B6F30062D4BE /* Sources */,
				12D900C61D26B6F30062D4BE /* Frameworks */,
				12D900C71D26B6F30062D4BE /* Resources */,
			);
			buildRules = (
			);
			dependencies = (
			);
			name = WeatherFun;
			productName = WeatherFun;
			productReference = 12D900C91D26B6F30062D4BE /* WeatherFun.app */;
			productType = "com.apple.product-type.application";
		};
		12D900DC1D26B6F30062D4BE /* WeatherFunTests */ = {
			isa = PBXNativeTarget;
			buildConfigurationList = 12D900F41D26B6F30062D4BE /* Build configuration list for PBXNativeTarget "WeatherFunTests" */;
			buildPhases = (
				12D900D91D26B6F30062D4BE /* Sources */,
				12D900DA1D26B6F30062D4BE /* Frameworks */,
				12D900DB1D26B6F30062D4BE /* Resources */,
			);
			buildRules = (
			);
			dependencies = (
				12D900DF1D26B6F30062D4BE /* PBXTargetDependency */,
			);
			name = WeatherFunTests;
			productName = WeatherFunTests;
			productReference = 12D900DD1D26B6F30062D4BE /* WeatherFunTests.xctest */;
			productType = "com.apple.product-type.bundle.unit-test";
		};
		12D900E71D26B6F30062D4BE /* WeatherFunUITests */ = {
			isa = PBXNativeTarget;
			buildConfigurationList = 12D900F71D26B6F30062D4BE /* Build configuration list for PBXNativeTarget "WeatherFunUITests" */;
			buildPhases = (
				12D900E41D26B6F30062D4BE /* Sources */,
				12D900E51D26B6F30062D4BE /* Frameworks */,
				12D900E61D26B6F30062D4BE /* Resources */,
			);
			buildRules = (
			);
			dependencies = (
				12D900EA1D26B6F30062D4BE /* PBXTargetDependency */,
			);
			name = WeatherFunUITests;
			productName = WeatherFunUITests;
			productReference = 12D900E81D26B6F30062D4BE /* WeatherFunUITests.xctest */;
			productType = "com.apple.product-type.bundle.ui-testing";
		};
/* End PBXNativeTarget section */

/* Begin PBXProject section */
		12D900C11D26B6F30062D4BE /* Project object */ = {
			isa = PBXProject;
			attributes = {
				LastSwiftUpdateCheck = 0730;
				LastUpgradeCheck = 0730;
				ORGANIZATIONNAME = "Tong Kwok Wing";
				TargetAttributes = {
					12D900C81D26B6F30062D4BE = {
						CreatedOnToolsVersion = 7.3.1;
						DevelopmentTeam = M37EP264F6;
					};
					12D900DC1D26B6F30062D4BE = {
						CreatedOnToolsVersion = 7.3.1;
						DevelopmentTeam = M37EP264F6;
						TestTargetID = 12D900C81D26B6F30062D4BE;
					};
					12D900E71D26B6F30062D4BE = {
						CreatedOnToolsVersion = 7.3.1;
						DevelopmentTeam = M37EP264F6;
						TestTargetID = 12D900C81D26B6F30062D4BE;
					};
				};
			};
			buildConfigurationList = 12D900C41D26B6F30062D4BE /* Build configuration list for PBXProject "WeatherFun" */;
			compatibilityVersion = "Xcode 3.2";
			developmentRegion = English;
			hasScannedForEncodings = 0;
			knownRegions = (
				en,
				Base,
			);
			mainGroup = 12D900C01D26B6F30062D4BE;
			productRefGroup = 12D900CA1D26B6F30062D4BE /* Products */;
			projectDirPath = "";
			projectRoot = "";
			targets = (
				12D900C81D26B6F30062D4BE /* WeatherFun */,
				12D900DC1D26B6F30062D4BE /* WeatherFunTests */,
				12D900E71D26B6F30062D4BE /* WeatherFunUITests */,
			);
		};
/* End PBXProject section */

/* Begin PBXResourcesBuildPhase section */
		12D900C71D26B6F30062D4BE /* Resources */ = {
			isa = PBXResourcesBuildPhase;
			buildActionMask = 2147483647;
			files = (
				12D900D71D26B6F30062D4BE /* LaunchScreen.storyboard in Resources */,
				12D900D41D26B6F30062D4BE /* Assets.xcassets in Resources */,
				12D900D21D26B6F30062D4BE /* Main.storyboard in Resources */,
			);
			runOnlyForDeploymentPostprocessing = 0;
		};
		12D900DB1D26B6F30062D4BE /* Resources */ = {
			isa = PBXResourcesBuildPhase;
			buildActionMask = 2147483647;
			files = (
			);
			runOnlyForDeploymentPostprocessing = 0;
		};
		12D900E61D26B6F30062D4BE /* Resources */ = {
			isa = PBXResourcesBuildPhase;
			buildActionMask = 2147483647;
			files = (
			);
			runOnlyForDeploymentPostprocessing = 0;
		};
/* End PBXResourcesBuildPhase section */

/* Begin PBXSourcesBuildPhase section */
		12D900C51D26B6F30062D4BE /* Sources */ = {
			isa = PBXSourcesBuildPhase;
			buildActionMask = 2147483647;
			files = (
				12D900CF1D26B6F30062D4BE /* ViewController.swift in Sources */,
				12D900CD1D26B6F30062D4BE /* AppDelegate.swift in Sources */,
			);
			runOnlyForDeploymentPostprocessing = 0;
		};
		12D900D91D26B6F30062D4BE /* Sources */ = {
			isa = PBXSourcesBuildPhase;
			buildActionMask = 2147483647;
			files = (
				12D900E21D26B6F30062D4BE /* WeatherFunTests.swift in Sources */,
			);
			runOnlyForDeploymentPostprocessing = 0;
		};
		12D900E41D26B6F30062D4BE /* Sources */ = {
			isa = PBXSourcesBuildPhase;
			buildActionMask = 2147483647;
			files = (
				12D900ED1D26B6F30062D4BE /* WeatherFunUITests.swift in Sources */,
			);
			runOnlyForDeploymentPostprocessing = 0;
		};
/* End PBXSourcesBuildPhase section */

/* Begin PBXTargetDependency section */
		12D900DF1D26B6F30062D4BE /* PBXTargetDependency */ = {
			isa = PBXTargetDependency;
			target = 12D900C81D26B6F30062D4BE /* WeatherFun */;
			targetProxy = 12D900DE1D26B6F30062D4BE /* PBXContainerItemProxy */;
		};
		12D900EA1D26B6F30062D4BE /* PBXTargetDependency */ = {
			isa = PBXTargetDependency;
			target = 12D900C81D26B6F30062D4BE /* WeatherFun */;
			targetProxy = 12D900E91D26B6F30062D4BE /* PBXContainerItemProxy */;
		};
/* End PBXTargetDependency section */

/* Begin PBXVariantGroup section */
		12D900D01D26B6F30062D4BE /* Main.storyboard */ = {
			isa = PBXVariantGroup;
			children = (
				12D900D11D26B6F30062D4BE /* Base */,
			);
			name = Main.storyboard;
			sourceTree = "<group>";
		};
		12D900D51D26B6F30062D4BE /* LaunchScreen.storyboard */ = {
			isa = PBXVariantGroup;
			children = (
				12D900D61D26B6F30062D4BE /* Base */,
			);
			name = LaunchScreen.storyboard;
			sourceTree = "<group>";
		};
/* End PBXVariantGroup section */

/* Begin XCBuildConfiguration section */
		12D900EF1D26B6F30062D4BE /* Debug */ = {
			isa = XCBuildConfiguration;
			buildSettings = {
				ALWAYS_SEARCH_USER_PATHS = NO;
				CLANG_ANALYZER_NONNULL = YES;
				CLANG_CXX_LANGUAGE_STANDARD = "gnu++0x";
				CLANG_CXX_LIBRARY = "libc++";
				CLANG_ENABLE_MODULES = YES;
				CLANG_ENABLE_OBJC_ARC = YES;
				CLANG_WARN_BOOL_CONVERSION = YES;
				CLANG_WARN_CONSTANT_CONVERSION = YES;
				CLANG_WARN_DIRECT_OBJC_ISA_USAGE = YES_ERROR;
				CLANG_WARN_EMPTY_BODY = YES;
				CLANG_WARN_ENUM_CONVERSION = YES;
				CLANG_WARN_INT_CONVERSION = YES;
				CLANG_WARN_OBJC_ROOT_CLASS = YES_ERROR;
				CLANG_WARN_UNREACHABLE_CODE = YES;
				CLANG_WARN__DUPLICATE_METHOD_MATCH = YES;
				"CODE_SIGN_IDENTITY[sdk=iphoneos*]" = "iPhone Developer";
				COPY_PHASE_STRIP = NO;
				DEBUG_INFORMATION_FORMAT = dwarf;
				ENABLE_STRICT_OBJC_MSGSEND = YES;
				ENABLE_TESTABILITY = YES;
				GCC_C_LANGUAGE_STANDARD = gnu99;
				GCC_DYNAMIC_NO_PIC = NO;
				GCC_NO_COMMON_BLOCKS = YES;
				GCC_OPTIMIZATION_LEVEL = 0;
				GCC_PREPROCESSOR_DEFINITIONS = (
					"DEBUG=1",
					"$(inherited)",
				);
				GCC_WARN_64_TO_32_BIT_CONVERSION = YES;
				GCC_WARN_ABOUT_RETURN_TYPE = YES_ERROR;
				GCC_WARN_UNDECLARED_SELECTOR = YES;
				GCC_WARN_UNINITIALIZED_AUTOS = YES_AGGRESSIVE;
				GCC_WARN_UNUSED_FUNCTION = YES;
				GCC_WARN_UNUSED_VARIABLE = YES;
				IPHONEOS_DEPLOYMENT_TARGET = 9.3;
				MTL_ENABLE_DEBUG_INFO = YES;
				ONLY_ACTIVE_ARCH = YES;
				SDKROOT = iphoneos;
				SWIFT_OPTIMIZATION_LEVEL = "-Onone";
				TARGETED_DEVICE_FAMILY = "1,2";
			};
			name = Debug;
		};
		12D900F01D26B6F30062D4BE /* Release */ = {
			isa = XCBuildConfiguration;
			buildSettings = {
				ALWAYS_SEARCH_USER_PATHS = NO;
				CLANG_ANALYZER_NONNULL = YES;
				CLANG_CXX_LANGUAGE_STANDARD = "gnu++0x";
				CLANG_CXX_LIBRARY = "libc++";
				CLANG_ENABLE_MODULES = YES;
				CLANG_ENABLE_OBJC_ARC = YES;
				CLANG_WARN_BOOL_CONVERSION = YES;
				CLANG_WARN_CONSTANT_CONVERSION = YES;
				CLANG_WARN_DIRECT_OBJC_ISA_USAGE = YES_ERROR;
				CLANG_WARN_EMPTY_BODY = YES;
				CLANG_WARN_ENUM_CONVERSION = YES;
				CLANG_WARN_INT_CONVERSION = YES;
				CLANG_WARN_OBJC_ROOT_CLASS = YES_ERROR;
				CLANG_WARN_UNREACHABLE_CODE = YES;
				CLANG_WARN__DUPLICATE_METHOD_MATCH = YES;
				"CODE_SIGN_IDENTITY[sdk=iphoneos*]" = "iPhone Developer";
				COPY_PHASE_STRIP = NO;
				DEBUG_INFORMATION_FORMAT = "dwarf-with-dsym";
				ENABLE_NS_ASSERTIONS = NO;
				ENABLE_STRICT_OBJC_MSGSEND = YES;
				GCC_C_LANGUAGE_STANDARD = gnu99;
				GCC_NO_COMMON_BLOCKS = YES;
				GCC_WARN_64_TO_32_BIT_CONVERSION = YES;
				GCC_WARN_ABOUT_RETURN_TYPE = YES_ERROR;
				GCC_WARN_UNDECLARED_SELECTOR = YES;
				GCC_WARN_UNINITIALIZED_AUTOS = YES_AGGRESSIVE;
				GCC_WARN_UNUSED_FUNCTION = YES;
				GCC_WARN_UNUSED_VARIABLE = YES;
				IPHONEOS_DEPLOYMENT_TARGET = 9.3;
				MTL_ENABLE_DEBUG_INFO = NO;
				SDKROOT = iphoneos;
				TARGETED_DEVICE_FAMILY = "1,2";
				VALIDATE_PRODUCT = YES;
			};
			name = Release;
		};
		12D900F21D26B6F30062D4BE /* Debug */ = {
			isa = XCBuildConfiguration;
			buildSettings = {
				ASSETCATALOG_COMPILER_APPICON_NAME = AppIcon;
				INFOPLIST_FILE = WeatherFun/Info.plist;
				LD_RUNPATH_SEARCH_PATHS = "$(inherited) @executable_path/Frameworks";
				PRODUCT_BUNDLE_IDENTIFIER = com.kwpetertong.WeatherFun;
				PRODUCT_NAME = "$(TARGET_NAME)";
			};
			name = Debug;
		};
		12D900F31D26B6F30062D4BE /* Release */ = {
			isa = XCBuildConfiguration;
			buildSettings = {
				ASSETCATALOG_COMPILER_APPICON_NAME = AppIcon;
				INFOPLIST_FILE = WeatherFun/Info.plist;
				LD_RUNPATH_SEARCH_PATHS = "$(inherited) @executable_path/Frameworks";
				PRODUCT_BUNDLE_IDENTIFIER = com.kwpetertong.WeatherFun;
				PRODUCT_NAME = "$(TARGET_NAME)";
			};
			name = Release;
		};
		12D900F51D26B6F30062D4BE /* Debug */ = {
			isa = XCBuildConfiguration;
			buildSettings = {
				BUNDLE_LOADER = "$(TEST_HOST)";
				INFOPLIST_FILE = WeatherFunTests/Info.plist;
				LD_RUNPATH_SEARCH_PATHS = "$(inherited) @executable_path/Frameworks @loader_path/Frameworks";
				PRODUCT_BUNDLE_IDENTIFIER = com.kwpetertong.WeatherFunTests;
				PRODUCT_NAME = "$(TARGET_NAME)";
				TEST_HOST = "$(BUILT_PRODUCTS_DIR)/WeatherFun.app/WeatherFun";
			};
			name = Debug;
		};
		12D900F61D26B6F30062D4BE /* Release */ = {
			isa = XCBuildConfiguration;
			buildSettings = {
				BUNDLE_LOADER = "$(TEST_HOST)";
				INFOPLIST_FILE = WeatherFunTests/Info.plist;
				LD_RUNPATH_SEARCH_PATHS = "$(inherited) @executable_path/Frameworks @loader_path/Frameworks";
				PRODUCT_BUNDLE_IDENTIFIER = com.kwpetertong.WeatherFunTests;
				PRODUCT_NAME = "$(TARGET_NAME)";
				TEST_HOST = "$(BUILT_PRODUCTS_DIR)/WeatherFun.app/WeatherFun";
			};
			name = Release;
		};
		12D900F81D26B6F30062D4BE /* Debug */ = {
			isa = XCBuildConfiguration;
			buildSettings = {
				INFOPLIST_FILE = WeatherFunUITests/Info.plist;
				LD_RUNPATH_SEARCH_PATHS = "$(inherited) @executable_path/Frameworks @loader_path/Frameworks";
				PRODUCT_BUNDLE_IDENTIFIER = com.kwpetertong.WeatherFunUITests;
				PRODUCT_NAME = "$(TARGET_NAME)";
				TEST_TARGET_NAME = WeatherFun;
			};
			name = Debug;
		};
		12D900F91D26B6F30062D4BE /* Release */ = {
			isa = XCBuildConfiguration;
			buildSettings = {
				INFOPLIST_FILE = WeatherFunUITests/Info.plist;
				LD_RUNPATH_SEARCH_PATHS = "$(inherited) @executable_path/Frameworks @loader_path/Frameworks";
				PRODUCT_BUNDLE_IDENTIFIER = com.kwpetertong.WeatherFunUITests;
				PRODUCT_NAME = "$(TARGET_NAME)";
				TEST_TARGET_NAME = WeatherFun;
			};
			name = Release;
		};
/* End XCBuildConfiguration section */

/* Begin XCConfigurationList section */
		12D900C41D26B6F30062D4BE /* Build configuration list for PBXProject "WeatherFun" */ = {
			isa = XCConfigurationList;
			buildConfigurations = (
				12D900EF1D26B6F30062D4BE /* Debug */,
				12D900F01D26B6F30062D4BE /* Release */,
			);
			defaultConfigurationIsVisible = 0;
			defaultConfigurationName = Release;
		};
		12D900F11D26B6F30062D4BE /* Build configuration list for PBXNativeTarget "WeatherFun" */ = {
			isa = XCConfigurationList;
			buildConfigurations = (
				12D900F21D26B6F30062D4BE /* Debug */,
				12D900F31D26B6F30062D4BE /* Release */,
			);
			defaultConfigurationIsVisible = 0;
		};
		12D900F41D26B6F30062D4BE /* Build configuration list for PBXNativeTarget "WeatherFunTests" */ = {
			isa = XCConfigurationList;
			buildConfigurations = (
				12D900F51D26B6F30062D4BE /* Debug */,
				12D900F61D26B6F30062D4BE /* Release */,
			);
			defaultConfigurationIsVisible = 0;
		};
		12D900F71D26B6F30062D4BE /* Build configuration list for PBXNativeTarget "WeatherFunUITests" */ = {
			isa = XCConfigurationList;
			buildConfigurations = (
				12D900F81D26B6F30062D4BE /* Debug */,
				12D900F91D26B6F30062D4BE /* Release */,
			);
			defaultConfigurationIsVisible = 0;
		};
/* End XCConfigurationList section */
	};
	rootObject = 12D900C11D26B6F30062D4BE /* Project object */;
}
